
Microsoft Visual Studio Solution File, Format Version 12.00
# Visual Studio Version 17
VisualStudioVersion = 17.8.34330.188
MinimumVisualStudioVersion = 10.0.40219.1
Project("{FAE04EC0-301F-11D3-BF4B-00C04F79EFBC}") = "Amazon Clone", "Amazon Clone.csproj", "{667B1334-F6AE-4E1F-A5FA-8C3A875EC2AB}"
EndProject
Global
	GlobalSection(SolutionConfigurationPlatforms) = preSolution
		Debug|Any CPU = Debug|Any CPU
		Release|Any CPU = Release|Any CPU
	EndGlobalSection
	GlobalSection(ProjectConfigurationPlatforms) = postSolution
		{667B1334-F6AE-4E1F-A5FA-8C3A875EC2AB}.Debug|Any CPU.ActiveCfg = Debug|Any CPU
		{667B1334-F6AE-4E1F-A5FA-8C3A875EC2AB}.Debug|Any CPU.Build.0 = Debug|Any CPU
		{667B1334-F6AE-4E1F-A5FA-8C3A875EC2AB}.Release|Any CPU.ActiveCfg = Release|Any CPU
		{667B1334-F6AE-4E1F-A5FA-8C3A875EC2AB}.Release|Any CPU.Build.0 = Release|Any CPU
	EndGlobalSection
	GlobalSection(SolutionProperties) = preSolution
		HideSolutionNode = FALSE
	EndGlobalSection
	GlobalSection(ExtensibilityGlobals) = postSolution
		SolutionGuid = {93E91F71-118F-414C-AC92-4398529F6E7C}
	EndGlobalSection
EndGlobal
